// !$*UTF8*$!
{
	archiveVersion = 1;
	classes = {
	};
	objectVersion = 55;
	objects = {

/* Begin PBXBuildFile section */
		FA029BF72A78F79E000C46EA /* AppDelegate.swift in Sources */ = {isa = PBXBuildFile; fileRef = FA029BF62A78F79E000C46EA /* AppDelegate.swift */; };
		FA029BF92A78F79E000C46EA /* SceneDelegate.swift in Sources */ = {isa = PBXBuildFile; fileRef = FA029BF82A78F79E000C46EA /* SceneDelegate.swift */; };
		FA029BFB2A78F79E000C46EA /* ResumeViewController.swift in Sources */ = {isa = PBXBuildFile; fileRef = FA029BFA2A78F79E000C46EA /* ResumeViewController.swift */; };
		FA029BFE2A78F79E000C46EA /* Main.storyboard in Resources */ = {isa = PBXBuildFile; fileRef = FA029BFC2A78F79E000C46EA /* Main.storyboard */; };
		FA029C002A78F7A1000C46EA /* Assets.xcassets in Resources */ = {isa = PBXBuildFile; fileRef = FA029BFF2A78F7A1000C46EA /* Assets.xcassets */; };
		FA029C032A78F7A2000C46EA /* LaunchScreen.storyboard in Resources */ = {isa = PBXBuildFile; fileRef = FA029C012A78F7A2000C46EA /* LaunchScreen.storyboard */; };
		FA029C0B2A79253F000C46EA /* SkillsCollectionViewCell.swift in Sources */ = {isa = PBXBuildFile; fileRef = FA029C0A2A79253F000C46EA /* SkillsCollectionViewCell.swift */; };
		FA029C132A797968000C46EA /* AddSkillCollectionViewCell.swift in Sources */ = {isa = PBXBuildFile; fileRef = FA029C122A797968000C46EA /* AddSkillCollectionViewCell.swift */; };
/* End PBXBuildFile section */

/* Begin PBXFileReference section */
		FA029BF32A78F79D000C46EA /* Testovoe.app */ = {isa = PBXFileReference; explicitFileType = wrapper.application; includeInIndex = 0; path = Testovoe.app; sourceTree = BUILT_PRODUCTS_DIR; };
		FA029BF62A78F79E000C46EA /* AppDelegate.swift */ = {isa = PBXFileReference; lastKnownFileType = sourcecode.swift; path = AppDelegate.swift; sourceTree = "<group>"; };
		FA029BF82A78F79E000C46EA /* SceneDelegate.swift */ = {isa = PBXFileReference; lastKnownFileType = sourcecode.swift; path = SceneDelegate.swift; sourceTree = "<group>"; };
		FA029BFA2A78F79E000C46EA /* ResumeViewController.swift */ = {isa = PBXFileReference; lastKnownFileType = sourcecode.swift; path = ResumeViewController.swift; sourceTree = "<group>"; };
		FA029BFD2A78F79E000C46EA /* Base */ = {isa = PBXFileReference; lastKnownFileType = file.storyboard; name = Base; path = Base.lproj/Main.storyboard; sourceTree = "<group>"; };
		FA029BFF2A78F7A1000C46EA /* Assets.xcassets */ = {isa = PBXFileReference; lastKnownFileType = folder.assetcatalog; path = Assets.xcassets; sourceTree = "<group>"; };
		FA029C022A78F7A2000C46EA /* Base */ = {isa = PBXFileReference; lastKnownFileType = file.storyboard; name = Base; path = Base.lproj/LaunchScreen.storyboard; sourceTree = "<group>"; };
		FA029C042A78F7A2000C46EA /* Info.plist */ = {isa = PBXFileReference; lastKnownFileType = text.plist.xml; path = Info.plist; sourceTree = "<group>"; };
		FA029C0A2A79253F000C46EA /* SkillsCollectionViewCell.swift */ = {isa = PBXFileReference; lastKnownFileType = sourcecode.swift; path = SkillsCollectionViewCell.swift; sourceTree = "<group>"; };
		FA029C122A797968000C46EA /* AddSkillCollectionViewCell.swift */ = {isa = PBXFileReference; fileEncoding = 4; lastKnownFileType = sourcecode.swift; path = AddSkillCollectionViewCell.swift; sourceTree = "<group>"; };
/* End PBXFileReference section */

/* Begin PBXFrameworksBuildPhase section */
		FA029BF02A78F79D000C46EA /* Frameworks */ = {
			isa = PBXFrameworksBuildPhase;
			buildActionMask = 2147483647;
			files = (
			);
			runOnlyForDeploymentPostprocessing = 0;
		};
/* End PBXFrameworksBuildPhase section */

/* Begin PBXGroup section */
		FA029BEA2A78F79D000C46EA = {
			isa = PBXGroup;
			children = (
				FA029BF52A78F79D000C46EA /* Testovoe */,
				FA029BF42A78F79D000C46EA /* Products */,
			);
			sourceTree = "<group>";
		};
		FA029BF42A78F79D000C46EA /* Products */ = {
			isa = PBXGroup;
			children = (
				FA029BF32A78F79D000C46EA /* Testovoe.app */,
			);
			name = Products;
			sourceTree = "<group>";
		};
		FA029BF52A78F79D000C46EA /* Testovoe */ = {
			isa = PBXGroup;
			children = (
				FA029C162A797C6B000C46EA /* Delegate */,
				FA029C152A797C5E000C46EA /* Controller */,
				FA029C142A797C3F000C46EA /* Cell */,
				FA029BFC2A78F79E000C46EA /* Main.storyboard */,
				FA029BFF2A78F7A1000C46EA /* Assets.xcassets */,
				FA029C012A78F7A2000C46EA /* LaunchScreen.storyboard */,
				FA029C042A78F7A2000C46EA /* Info.plist */,
			);
			path = Testovoe;
			sourceTree = "<group>";
		};
		FA029C142A797C3F000C46EA /* Cell */ = {
			isa = PBXGroup;
			children = (
				FA029C122A797968000C46EA /* AddSkillCollectionViewCell.swift */,
				FA029C0A2A79253F000C46EA /* SkillsCollectionViewCell.swift */,
			);
			path = Cell;
			sourceTree = "<group>";
		};
		FA029C152A797C5E000C46EA /* Controller */ = {
			isa = PBXGroup;
			children = (
				FA029BFA2A78F79E000C46EA /* ResumeViewController.swift */,
			);
			path = Controller;
			sourceTree = "<group>";
		};
		FA029C162A797C6B000C46EA /* Delegate */ = {
			isa = PBXGroup;
			children = (
				FA029BF82A78F79E000C46EA /* SceneDelegate.swift */,
				FA029BF62A78F79E000C46EA /* AppDelegate.swift */,
			);
			path = Delegate;
			sourceTree = "<group>";
		};
/* End PBXGroup section */

/* Begin PBXNativeTarget section */
		FA029BF22A78F79D000C46EA /* Testovoe */ = {
			isa = PBXNativeTarget;
			buildConfigurationList = FA029C072A78F7A2000C46EA /* Build configuration list for PBXNativeTarget "Testovoe" */;
			buildPhases = (
				FA029BEF2A78F79D000C46EA /* Sources */,
				FA029BF02A78F79D000C46EA /* Frameworks */,
				FA029BF12A78F79D000C46EA /* Resources */,
			);
			buildRules = (
			);
			dependencies = (
			);
			name = Testovoe;
			productName = Testovoe;
			productReference = FA029BF32A78F79D000C46EA /* Testovoe.app */;
			productType = "com.apple.product-type.application";
		};
/* End PBXNativeTarget section */

/* Begin PBXProject section */
		FA029BEB2A78F79D000C46EA /* Project object */ = {
			isa = PBXProject;
			attributes = {
				BuildIndependentTargetsInParallel = 1;
				LastSwiftUpdateCheck = 1320;
				LastUpgradeCheck = 1320;
				TargetAttributes = {
					FA029BF22A78F79D000C46EA = {
						CreatedOnToolsVersion = 13.2;
					};
				};
			};
			buildConfigurationList = FA029BEE2A78F79D000C46EA /* Build configuration list for PBXProject "Testovoe" */;
			compatibilityVersion = "Xcode 13.0";
			developmentRegion = en;
			hasScannedForEncodings = 0;
			knownRegions = (
				en,
				Base,
			);
			mainGroup = FA029BEA2A78F79D000C46EA;
			productRefGroup = FA029BF42A78F79D000C46EA /* Products */;
			projectDirPath = "";
			projectRoot = "";
			targets = (
				FA029BF22A78F79D000C46EA /* Testovoe */,
			);
		};
/* End PBXProject section */

/* Begin PBXResourcesBuildPhase section */
		FA029BF12A78F79D000C46EA /* Resources */ = {
			isa = PBXResourcesBuildPhase;
			buildActionMask = 2147483647;
			files = (
				FA029C032A78F7A2000C46EA /* LaunchScreen.storyboard in Resources */,
				FA029C002A78F7A1000C46EA /* Assets.xcassets in Resources */,
				FA029BFE2A78F79E000C46EA /* Main.storyboard in Resources */,
			);
			runOnlyForDeploymentPostprocessing = 0;
		};
/* End PBXResourcesBuildPhase section */

/* Begin PBXSourcesBuildPhase section */
		FA029BEF2A78F79D000C46EA /* Sources */ = {
			isa = PBXSourcesBuildPhase;
			buildActionMask = 2147483647;
			files = (
				FA029BFB2A78F79E000C46EA /* ResumeViewController.swift in Sources */,
				FA029C0B2A79253F000C46EA /* SkillsCollectionViewCell.swift in Sources */,
				FA029BF72A78F79E000C46EA /* AppDelegate.swift in Sources */,
				FA029BF92A78F79E000C46EA /* SceneDelegate.swift in Sources */,
				FA029C132A797968000C46EA /* AddSkillCollectionViewCell.swift in Sources */,
			);
			runOnlyForDeploymentPostprocessing = 0;
		};
/* End PBXSourcesBuildPhase section */

/* Begin PBXVariantGroup section */
		FA029BFC2A78F79E000C46EA /* Main.storyboard */ = {
			isa = PBXVariantGroup;
			children = (
				FA029BFD2A78F79E000C46EA /* Base */,
			);
			name = Main.storyboard;
			sourceTree = "<group>";
		};
		FA029C012A78F7A2000C46EA /* LaunchScreen.storyboard */ = {
			isa = PBXVariantGroup;
			children = (
				FA029C022A78F7A2000C46EA /* Base */,
			);
			name = LaunchScreen.storyboard;
			sourceTree = "<group>";
		};
/* End PBXVariantGroup section */

/* Begin XCBuildConfiguration section */
		FA029C052A78F7A2000C46EA /* Debug */ = {
			isa = XCBuildConfiguration;
			buildSettings = {
				ALWAYS_SEARCH_USER_PATHS = NO;
				CLANG_ANALYZER_NONNULL = YES;
				CLANG_ANALYZER_NUMBER_OBJECT_CONVERSION = YES_AGGRESSIVE;
				CLANG_CXX_LANGUAGE_STANDARD = "gnu++17";
				CLANG_CXX_LIBRARY = "libc++";
				CLANG_ENABLE_MODULES = YES;
				CLANG_ENABLE_OBJC_ARC = YES;
				CLANG_ENABLE_OBJC_WEAK = YES;
				CLANG_WARN_BLOCK_CAPTURE_AUTORELEASING = YES;
				CLANG_WARN_BOOL_CONVERSION = YES;
				CLANG_WARN_COMMA = YES;
				CLANG_WARN_CONSTANT_CONVERSION = YES;
				CLANG_WARN_DEPRECATED_OBJC_IMPLEMENTATIONS = YES;
				CLANG_WARN_DIRECT_OBJC_ISA_USAGE = YES_ERROR;
				CLANG_WARN_DOCUMENTATION_COMMENTS = YES;
				CLANG_WARN_EMPTY_BODY = YES;
				CLANG_WARN_ENUM_CONVERSION = YES;
				CLANG_WARN_INFINITE_RECURSION = YES;
				CLANG_WARN_INT_CONVERSION = YES;
				CLANG_WARN_NON_LITERAL_NULL_CONVERSION = YES;
				CLANG_WARN_OBJC_IMPLICIT_RETAIN_SELF = YES;
				CLANG_WARN_OBJC_LITERAL_CONVERSION = YES;
				CLANG_WARN_OBJC_ROOT_CLASS = YES_ERROR;
				CLANG_WARN_QUOTED_INCLUDE_IN_FRAMEWORK_HEADER = YES;
				CLANG_WARN_RANGE_LOOP_ANALYSIS = YES;
				CLANG_WARN_STRICT_PROTOTYPES = YES;
				CLANG_WARN_SUSPICIOUS_MOVE = YES;
				CLANG_WARN_UNGUARDED_AVAILABILITY = YES_AGGRESSIVE;
				CLANG_WARN_UNREACHABLE_CODE = YES;
				CLANG_WARN__DUPLICATE_METHOD_MATCH = YES;
				COPY_PHASE_STRIP = NO;
				DEBUG_INFORMATION_FORMAT = dwarf;
				ENABLE_STRICT_OBJC_MSGSEND = YES;
				ENABLE_TESTABILITY = YES;
				GCC_C_LANGUAGE_STANDARD = gnu11;
				GCC_DYNAMIC_NO_PIC = NO;
				GCC_NO_COMMON_BLOCKS = YES;
				GCC_OPTIMIZATION_LEVEL = 0;
				GCC_PREPROCESSOR_DEFINITIONS = (
					"DEBUG=1",
					"$(inherited)",
				);
				GCC_WARN_64_TO_32_BIT_CONVERSION = YES;
				GCC_WARN_ABOUT_RETURN_TYPE = YES_ERROR;
				GCC_WARN_UNDECLARED_SELECTOR = YES;
				GCC_WARN_UNINITIALIZED_AUTOS = YES_AGGRESSIVE;
				GCC_WARN_UNUSED_FUNCTION = YES;
				GCC_WARN_UNUSED_VARIABLE = YES;
				IPHONEOS_DEPLOYMENT_TARGET = 15.2;
				MTL_ENABLE_DEBUG_INFO = INCLUDE_SOURCE;
				MTL_FAST_MATH = YES;
				ONLY_ACTIVE_ARCH = YES;
				SDKROOT = iphoneos;
				SWIFT_ACTIVE_COMPILATION_CONDITIONS = DEBUG;
				SWIFT_OPTIMIZATION_LEVEL = "-Onone";
			};
			name = Debug;
		};
		FA029C062A78F7A2000C46EA /* Release */ = {
			isa = XCBuildConfiguration;
			buildSettings = {
				ALWAYS_SEARCH_USER_PATHS = NO;
				CLANG_ANALYZER_NONNULL = YES;
				CLANG_ANALYZER_NUMBER_OBJECT_CONVERSION = YES_AGGRESSIVE;
				CLANG_CXX_LANGUAGE_STANDARD = "gnu++17";
				CLANG_CXX_LIBRARY = "libc++";
				CLANG_ENABLE_MODULES = YES;
				CLANG_ENABLE_OBJC_ARC = YES;
				CLANG_ENABLE_OBJC_WEAK = YES;
				CLANG_WARN_BLOCK_CAPTURE_AUTORELEASING = YES;
				CLANG_WARN_BOOL_CONVERSION = YES;
				CLANG_WARN_COMMA = YES;
				CLANG_WARN_CONSTANT_CONVERSION = YES;
				CLANG_WARN_DEPRECATED_OBJC_IMPLEMENTATIONS = YES;
				CLANG_WARN_DIRECT_OBJC_ISA_USAGE = YES_ERROR;
				CLANG_WARN_DOCUMENTATION_COMMENTS = YES;
				CLANG_WARN_EMPTY_BODY = YES;
				CLANG_WARN_ENUM_CONVERSION = YES;
				CLANG_WARN_INFINITE_RECURSION = YES;
				CLANG_WARN_INT_CONVERSION = YES;
				CLANG_WARN_NON_LITERAL_NULL_CONVERSION = YES;
				CLANG_WARN_OBJC_IMPLICIT_RETAIN_SELF = YES;
				CLANG_WARN_OBJC_LITERAL_CONVERSION = YES;
				CLANG_WARN_OBJC_ROOT_CLASS = YES_ERROR;
				CLANG_WARN_QUOTED_INCLUDE_IN_FRAMEWORK_HEADER = YES;
				CLANG_WARN_RANGE_LOOP_ANALYSIS = YES;
				CLANG_WARN_STRICT_PROTOTYPES = YES;
				CLANG_WARN_SUSPICIOUS_MOVE = YES;
				CLANG_WARN_UNGUARDED_AVAILABILITY = YES_AGGRESSIVE;
				CLANG_WARN_UNREACHABLE_CODE = YES;
				CLANG_WARN__DUPLICATE_METHOD_MATCH = YES;
				COPY_PHASE_STRIP = NO;
				DEBUG_INFORMATION_FORMAT = "dwarf-with-dsym";
				ENABLE_NS_ASSERTIONS = NO;
				ENABLE_STRICT_OBJC_MSGSEND = YES;
				GCC_C_LANGUAGE_STANDARD = gnu11;
				GCC_NO_COMMON_BLOCKS = YES;
				GCC_WARN_64_TO_32_BIT_CONVERSION = YES;
				GCC_WARN_ABOUT_RETURN_TYPE = YES_ERROR;
				GCC_WARN_UNDECLARED_SELECTOR = YES;
				GCC_WARN_UNINITIALIZED_AUTOS = YES_AGGRESSIVE;
				GCC_WARN_UNUSED_FUNCTION = YES;
				GCC_WARN_UNUSED_VARIABLE = YES;
				IPHONEOS_DEPLOYMENT_TARGET = 15.2;
				MTL_ENABLE_DEBUG_INFO = NO;
				MTL_FAST_MATH = YES;
				SDKROOT = iphoneos;
				SWIFT_COMPILATION_MODE = wholemodule;
				SWIFT_OPTIMIZATION_LEVEL = "-O";
				VALIDATE_PRODUCT = YES;
			};
			name = Release;
		};
		FA029C082A78F7A2000C46EA /* Debug */ = {
			isa = XCBuildConfiguration;
			buildSettings = {
				ASSETCATALOG_COMPILER_APPICON_NAME = AppIcon;
				ASSETCATALOG_COMPILER_GLOBAL_ACCENT_COLOR_NAME = AccentColor;
				CODE_SIGN_STYLE = Automatic;
				CURRENT_PROJECT_VERSION = 1;
				DEVELOPMENT_TEAM = 9Z2997S8AV;
				GENERATE_INFOPLIST_FILE = YES;
				INFOPLIST_FILE = Testovoe/Info.plist;
				INFOPLIST_KEY_UIApplicationSupportsIndirectInputEvents = YES;
				INFOPLIST_KEY_UILaunchStoryboardName = LaunchScreen;
				INFOPLIST_KEY_UIMainStoryboardFile = Main;
				INFOPLIST_KEY_UISupportedInterfaceOrientations_iPad = "UIInterfaceOrientationPortrait UIInterfaceOrientationPortraitUpsideDown UIInterfaceOrientationLandscapeLeft UIInterfaceOrientationLandscapeRight";
				INFOPLIST_KEY_UISupportedInterfaceOrientations_iPhone = "UIInterfaceOrientationPortrait UIInterfaceOrientationLandscapeLeft UIInterfaceOrientationLandscapeRight";
				LD_RUNPATH_SEARCH_PATHS = (
					"$(inherited)",
					"@executable_path/Frameworks",
				);
				MARKETING_VERSION = 1.0;
				PRODUCT_BUNDLE_IDENTIFIER = mac.Testovoe;
				PRODUCT_NAME = "$(TARGET_NAME)";
				SWIFT_EMIT_LOC_STRINGS = YES;
				SWIFT_VERSION = 5.0;
				TARGETED_DEVICE_FAMILY = "1,2";
			};
			name = Debug;
		};
		FA029C092A78F7A2000C46EA /* Release */ = {
			isa = XCBuildConfiguration;
			buildSettings = {
				ASSETCATALOG_COMPILER_APPICON_NAME = AppIcon;
				ASSETCATALOG_COMPILER_GLOBAL_ACCENT_COLOR_NAME = AccentColor;
				CODE_SIGN_STYLE = Automatic;
				CURRENT_PROJECT_VERSION = 1;
				DEVELOPMENT_TEAM = 9Z2997S8AV;
				GENERATE_INFOPLIST_FILE = YES;
				INFOPLIST_FILE = Testovoe/Info.plist;
				INFOPLIST_KEY_UIApplicationSupportsIndirectInputEvents = YES;
				INFOPLIST_KEY_UILaunchStoryboardName = LaunchScreen;
				INFOPLIST_KEY_UIMainStoryboardFile = Main;
				INFOPLIST_KEY_UISupportedInterfaceOrientations_iPad = "UIInterfaceOrientationPortrait UIInterfaceOrientationPortraitUpsideDown UIInterfaceOrientationLandscapeLeft UIInterfaceOrientationLandscapeRight";
				INFOPLIST_KEY_UISupportedInterfaceOrientations_iPhone = "UIInterfaceOrientationPortrait UIInterfaceOrientationLandscapeLeft UIInterfaceOrientationLandscapeRight";
				LD_RUNPATH_SEARCH_PATHS = (
					"$(inherited)",
					"@executable_path/Frameworks",
				);
				MARKETING_VERSION = 1.0;
				PRODUCT_BUNDLE_IDENTIFIER = mac.Testovoe;
				PRODUCT_NAME = "$(TARGET_NAME)";
				SWIFT_EMIT_LOC_STRINGS = YES;
				SWIFT_VERSION = 5.0;
				TARGETED_DEVICE_FAMILY = "1,2";
			};
			name = Release;
		};
/* End XCBuildConfiguration section */

/* Begin XCConfigurationList section */
		FA029BEE2A78F79D000C46EA /* Build configuration list for PBXProject "Testovoe" */ = {
			isa = XCConfigurationList;
			buildConfigurations = (
				FA029C052A78F7A2000C46EA /* Debug */,
				FA029C062A78F7A2000C46EA /* Release */,
			);
			defaultConfigurationIsVisible = 0;
			defaultConfigurationName = Release;
		};
		FA029C072A78F7A2000C46EA /* Build configuration list for PBXNativeTarget "Testovoe" */ = {
			isa = XCConfigurationList;
			buildConfigurations = (
				FA029C082A78F7A2000C46EA /* Debug */,
				FA029C092A78F7A2000C46EA /* Release */,
			);
			defaultConfigurationIsVisible = 0;
			defaultConfigurationName = Release;
		};
/* End XCConfigurationList section */
	};
	rootObject = FA029BEB2A78F79D000C46EA /* Project object */;
}
